{
  "name": "My-quiz",
  "version": "1.0.0",
  "lockfileVersion": 1,
  "requires": true,
  "dependencies": {
    "@replit/database": {
      "version": "2.0.1",
      "resolved": "https://registry.npmjs.org/@replit/database/-/database-2.0.1.tgz",
      "integrity": "sha512-SeW/qkk4FEteZ75B2S/MIQJ/bYdOO0f2+tdsikwO5k9TyYI3q7YANTpUJ7W79xarSd5gJ9NFk5Y55Pov2z1dwA==",
      "requires": {
        "node-fetch": "^2.6.0"
      }
    },
    "node-fetch": {
      "version": "2.6.1",
      "resolved": "https://registry.npmjs.org/node-fetch/-/node-fetch-2.6.1.tgz",
      "integrity": "sha512-V4aYg89jEoVRxRb2fJdAg8FHvI7cEyYdVAh94HH0UIK8oJxUfkjlDQN9RbMx+bEjP7+ggMiFRprSti032Oipxw=="
    },
    "readline-sync": {
      "version": "1.4.10",
      "resolved": "https://registry.npmjs.org/readline-sync/-/readline-sync-1.4.10.tgz",
      "integrity": "sha512-gNva8/6UAe8QYepIQH/jQ2qn91Qj0B9sYjMBBs3QOB8F2CXcKgLxQaJRP76sWVRQt+QU+8fAkCbCvjjMFu7Ycw=="
    },
    "replitdb-client": {
      "version": "2.1.0",
      "resolved": "https://registry.npmjs.org/replitdb-client/-/replitdb-client-2.1.0.tgz",
      "integrity": "sha512-XSdvc55iup42g6m22WObxskkOLG8N5Z1rTE+7PQJP8oqnht0L2MA1v4rJ7arVED1yYy0BMQkOmrz46o1LMuzTg==",
      "requires": {
        "node-fetch": "^2.6.0"
      }
    }
  }
}
